PODS:
  - camera_avfoundation (0.0.1):
    - Flutter
  - DynamsoftCaptureVisionBundle (3.0.3000)
  - DynamsoftMRZScannerBundle (3.0.0):
    - DynamsoftCaptureVisionBundle (= 3.0.3000)
  - DynamsoftVINModel (1.0.0)
  - Flutter (1.0.0)
  - flutter_exif_rotation (0.3.0):
    - Flutter
  - flutter_ocr_sdk (1.0.0):
    - DynamsoftMRZScannerBundle (= 3.0.0)
    - DynamsoftVINModel (= 1.0.0)
    - Flutter
  - image_picker_ios (0.0.1):
    - Flutter
  - path_provider_foundation (0.0.1):
    - Flutter
    - FlutterMacOS
  - share_plus (0.0.1):
    - Flutter
  - shared_preferences_foundation (0.0.1):
    - Flutter
    - FlutterMacOS
  - url_launcher_ios (0.0.1):
    - Flutter

DEPENDENCIES:
  - camera_avfoundation (from `.symlinks/plugins/camera_avfoundation/ios`)
  - Flutter (from `Flutter`)
  - flutter_exif_rotation (from `.symlinks/plugins/flutter_exif_rotation/ios`)
  - flutter_ocr_sdk (from `.symlinks/plugins/flutter_ocr_sdk/ios`)
  - image_picker_ios (from `.symlinks/plugins/image_picker_ios/ios`)
  - path_provider_foundation (from `.symlinks/plugins/path_provider_foundation/darwin`)
  - share_plus (from `.symlinks/plugins/share_plus/ios`)
  - shared_preferences_foundation (from `.symlinks/plugins/shared_preferences_foundation/darwin`)
  - url_launcher_ios (from `.symlinks/plugins/url_launcher_ios/ios`)

SPEC REPOS:
  trunk:
    - DynamsoftCaptureVisionBundle
    - DynamsoftMRZScannerBundle
    - DynamsoftVINModel

EXTERNAL SOURCES:
  camera_avfoundation:
    :path: ".symlinks/plugins/camera_avfoundation/ios"
  Flutter:
    :path: Flutter
  flutter_exif_rotation:
    :path: ".symlinks/plugins/flutter_exif_rotation/ios"
  flutter_ocr_sdk:
    :path: ".symlinks/plugins/flutter_ocr_sdk/ios"
  image_picker_ios:
    :path: ".symlinks/plugins/image_picker_ios/ios"
  path_provider_foundation:
    :path: ".symlinks/plugins/path_provider_foundation/darwin"
  share_plus:
    :path: ".symlinks/plugins/share_plus/ios"
  shared_preferences_foundation:
    :path: ".symlinks/plugins/shared_preferences_foundation/darwin"
  url_launcher_ios:
    :path: ".symlinks/plugins/url_launcher_ios/ios"

SPEC CHECKSUMS:
  camera_avfoundation: 04b44aeb14070126c6529e5ab82cc7c9fca107cf
  DynamsoftCaptureVisionBundle: 1935e3efc70db1b7c6cab19dfe420c3e43dbe1a0
  DynamsoftMRZScannerBundle: 451826e16b0348703d56e8c761af84701656e760
  DynamsoftVINModel: 35db5c790a0032dcfae374975b0bad7d7b53a4d6
  Flutter: e0871f40cf51350855a761d2e70bf5af5b9b5de7
  flutter_exif_rotation: 5406455759acacf1f7b1b83e85dbb545340d6e9c
  flutter_ocr_sdk: 6fa5aa7061fe2933f16861b813c37bf5b042e3df
  image_picker_ios: 7fe1ff8e34c1790d6fff70a32484959f563a928a
  path_provider_foundation: 080d55be775b7414fd5a5ef3ac137b97b097e564
  share_plus: 011d6fb4f9d2576b83179a3a5c5e323202cdabcf
  shared_preferences_foundation: 9e1978ff2562383bd5676f64ec4e9aa8fa06a6f7
  url_launcher_ios: 694010445543906933d732453a59da0a173ae33d

PODFILE CHECKSUM: 819463e6a0290f5a72f145ba7cde16e8b6ef0796

COCOAPODS: 1.16.2
